// !$*UTF8*$!
{
	archiveVersion = 1;
	classes = {
	};
	objectVersion = 50;
	objects = {

/* Begin PBXBuildFile section */
		04D2BDEE222E4D2D006A9490 /* AppDelegate.swift in Sources */ = {isa = PBXBuildFile; fileRef = 04D2BDED222E4D2C006A9490 /* AppDelegate.swift */; };
		04D2BDF0222E4D2D006A9490 /* ViewController.swift in Sources */ = {isa = PBXBuildFile; fileRef = 04D2BDEF222E4D2D006A9490 /* ViewController.swift */; };
		04D2BDF3222E4D2D006A9490 /* Main.storyboard in Resources */ = {isa = PBXBuildFile; fileRef = 04D2BDF1222E4D2D006A9490 /* Main.storyboard */; };
		04D2BDF5222E4D4B006A9490 /* Assets.xcassets in Resources */ = {isa = PBXBuildFile; fileRef = 04D2BDF4222E4D4B006A9490 /* Assets.xcassets */; };
		04D2BDF8222E4D4B006A9490 /* LaunchScreen.storyboard in Resources */ = {isa = PBXBuildFile; fileRef = 04D2BDF6222E4D4B006A9490 /* LaunchScreen.storyboard */; };
		04D2BE02222E4DC0006A9490 /* NSObject+demo1.m in Sources */ = {isa = PBXBuildFile; fileRef = 04D2BE01222E4DC0006A9490 /* NSObject+demo1.m */; };
		04D2BE05222E4E11006A9490 /* libsqlite3.0.tbd in Frameworks */ = {isa = PBXBuildFile; fileRef = 04D2BE04222E4E11006A9490 /* libsqlite3.0.tbd */; };
		04D2BE07222E4E1A006A9490 /* libsqlite3.tbd in Frameworks */ = {isa = PBXBuildFile; fileRef = 04D2BE06222E4E1A006A9490 /* libsqlite3.tbd */; };
		04D2BE09222E5AA1006A9490 /* Class.swift in Sources */ = {isa = PBXBuildFile; fileRef = 04D2BE08222E5AA1006A9490 /* Class.swift */; };
		04D2BE0B222E5D80006A9490 /* Ass1TableViewController.swift in Sources */ = {isa = PBXBuildFile; fileRef = 04D2BE0A222E5D80006A9490 /* Ass1TableViewController.swift */; };
		04D2BE0D222E7DF3006A9490 /* ContactsCollectionViewController.swift in Sources */ = {isa = PBXBuildFile; fileRef = 04D2BE0C222E7DF3006A9490 /* ContactsCollectionViewController.swift */; };
		04D2BE0F222E7F4B006A9490 /* ContactsCollectionViewCell.swift in Sources */ = {isa = PBXBuildFile; fileRef = 04D2BE0E222E7F4B006A9490 /* ContactsCollectionViewCell.swift */; };
		04D2BE11222E8CC0006A9490 /* ContactTableViewController.swift in Sources */ = {isa = PBXBuildFile; fileRef = 04D2BE10222E8CC0006A9490 /* ContactTableViewController.swift */; };
/* End PBXBuildFile section */

/* Begin PBXFileReference section */
		04D2BDEA222E4D2B006A9490 /* DatabaseSquiteDemo.app */ = {isa = PBXFileReference; explicitFileType = wrapper.application; includeInIndex = 0; path = DatabaseSquiteDemo.app; sourceTree = BUILT_PRODUCTS_DIR; };
		04D2BDED222E4D2C006A9490 /* AppDelegate.swift */ = {isa = PBXFileReference; lastKnownFileType = sourcecode.swift; path = AppDelegate.swift; sourceTree = "<group>"; };
		04D2BDEF222E4D2D006A9490 /* ViewController.swift */ = {isa = PBXFileReference; lastKnownFileType = sourcecode.swift; path = ViewController.swift; sourceTree = "<group>"; };
		04D2BDF2222E4D2D006A9490 /* Base */ = {isa = PBXFileReference; lastKnownFileType = file.storyboard; name = Base; path = Base.lproj/Main.storyboard; sourceTree = "<group>"; };
		04D2BDF4222E4D4B006A9490 /* Assets.xcassets */ = {isa = PBXFileReference; lastKnownFileType = folder.assetcatalog; path = Assets.xcassets; sourceTree = "<group>"; };
		04D2BDF7222E4D4B006A9490 /* Base */ = {isa = PBXFileReference; lastKnownFileType = file.storyboard; name = Base; path = Base.lproj/LaunchScreen.storyboard; sourceTree = "<group>"; };
		04D2BDF9222E4D4B006A9490 /* Info.plist */ = {isa = PBXFileReference; lastKnownFileType = text.plist.xml; path = Info.plist; sourceTree = "<group>"; };
		04D2BDFF222E4DBF006A9490 /* DatabaseSquiteDemo-Bridging-Header.h */ = {isa = PBXFileReference; lastKnownFileType = sourcecode.c.h; path = "DatabaseSquiteDemo-Bridging-Header.h"; sourceTree = "<group>"; };
		04D2BE00222E4DC0006A9490 /* NSObject+demo1.h */ = {isa = PBXFileReference; lastKnownFileType = sourcecode.c.h; path = "NSObject+demo1.h"; sourceTree = "<group>"; };
		04D2BE01222E4DC0006A9490 /* NSObject+demo1.m */ = {isa = PBXFileReference; lastKnownFileType = sourcecode.c.objc; path = "NSObject+demo1.m"; sourceTree = "<group>"; };
		04D2BE04222E4E11006A9490 /* libsqlite3.0.tbd */ = {isa = PBXFileReference; lastKnownFileType = "sourcecode.text-based-dylib-definition"; name = libsqlite3.0.tbd; path = usr/lib/libsqlite3.0.tbd; sourceTree = SDKROOT; };
		04D2BE06222E4E1A006A9490 /* libsqlite3.tbd */ = {isa = PBXFileReference; lastKnownFileType = "sourcecode.text-based-dylib-definition"; name = libsqlite3.tbd; path = usr/lib/libsqlite3.tbd; sourceTree = SDKROOT; };
		04D2BE08222E5AA1006A9490 /* Class.swift */ = {isa = PBXFileReference; lastKnownFileType = sourcecode.swift; path = Class.swift; sourceTree = "<group>"; };
		04D2BE0A222E5D80006A9490 /* Ass1TableViewController.swift */ = {isa = PBXFileReference; lastKnownFileType = sourcecode.swift; path = Ass1TableViewController.swift; sourceTree = "<group>"; };
		04D2BE0C222E7DF3006A9490 /* ContactsCollectionViewController.swift */ = {isa = PBXFileReference; lastKnownFileType = sourcecode.swift; path = ContactsCollectionViewController.swift; sourceTree = "<group>"; };
		04D2BE0E222E7F4B006A9490 /* ContactsCollectionViewCell.swift */ = {isa = PBXFileReference; lastKnownFileType = sourcecode.swift; path = ContactsCollectionViewCell.swift; sourceTree = "<group>"; };
		04D2BE10222E8CC0006A9490 /* ContactTableViewController.swift */ = {isa = PBXFileReference; lastKnownFileType = sourcecode.swift; path = ContactTableViewController.swift; sourceTree = "<group>"; };
/* End PBXFileReference section */

/* Begin PBXFrameworksBuildPhase section */
		04D2BDE7222E4D2B006A9490 /* Frameworks */ = {
			isa = PBXFrameworksBuildPhase;
			buildActionMask = 2147483647;
			files = (
				04D2BE07222E4E1A006A9490 /* libsqlite3.tbd in Frameworks */,
				04D2BE05222E4E11006A9490 /* libsqlite3.0.tbd in Frameworks */,
			);
			runOnlyForDeploymentPostprocessing = 0;
		};
/* End PBXFrameworksBuildPhase section */

/* Begin PBXGroup section */
		04D2BDE1222E4D29006A9490 = {
			isa = PBXGroup;
			children = (
				04D2BE00222E4DC0006A9490 /* NSObject+demo1.h */,
				04D2BE01222E4DC0006A9490 /* NSObject+demo1.m */,
				04D2BDEC222E4D2C006A9490 /* DatabaseSquiteDemo */,
				04D2BDEB222E4D2C006A9490 /* Products */,
				04D2BDFF222E4DBF006A9490 /* DatabaseSquiteDemo-Bridging-Header.h */,
				04D2BE03222E4E10006A9490 /* Frameworks */,
			);
			sourceTree = "<group>";
		};
		04D2BDEB222E4D2C006A9490 /* Products */ = {
			isa = PBXGroup;
			children = (
				04D2BDEA222E4D2B006A9490 /* DatabaseSquiteDemo.app */,
			);
			name = Products;
			sourceTree = "<group>";
		};
		04D2BDEC222E4D2C006A9490 /* DatabaseSquiteDemo */ = {
			isa = PBXGroup;
			children = (
				04D2BDED222E4D2C006A9490 /* AppDelegate.swift */,
				04D2BDEF222E4D2D006A9490 /* ViewController.swift */,
				04D2BDF1222E4D2D006A9490 /* Main.storyboard */,
				04D2BE0E222E7F4B006A9490 /* ContactsCollectionViewCell.swift */,
				04D2BE0A222E5D80006A9490 /* Ass1TableViewController.swift */,
				04D2BE0C222E7DF3006A9490 /* ContactsCollectionViewController.swift */,
				04D2BE10222E8CC0006A9490 /* ContactTableViewController.swift */,
				04D2BE08222E5AA1006A9490 /* Class.swift */,
				04D2BDF4222E4D4B006A9490 /* Assets.xcassets */,
				04D2BDF6222E4D4B006A9490 /* LaunchScreen.storyboard */,
				04D2BDF9222E4D4B006A9490 /* Info.plist */,
			);
			path = DatabaseSquiteDemo;
			sourceTree = "<group>";
		};
		04D2BE03222E4E10006A9490 /* Frameworks */ = {
			isa = PBXGroup;
			children = (
				04D2BE06222E4E1A006A9490 /* libsqlite3.tbd */,
				04D2BE04222E4E11006A9490 /* libsqlite3.0.tbd */,
			);
			name = Frameworks;
			sourceTree = "<group>";
		};
/* End PBXGroup section */

/* Begin PBXNativeTarget section */
		04D2BDE9222E4D2B006A9490 /* DatabaseSquiteDemo */ = {
			isa = PBXNativeTarget;
			buildConfigurationList = 04D2BDFC222E4D4B006A9490 /* Build configuration list for PBXNativeTarget "DatabaseSquiteDemo" */;
			buildPhases = (
				04D2BDE6222E4D2B006A9490 /* Sources */,
				04D2BDE7222E4D2B006A9490 /* Frameworks */,
				04D2BDE8222E4D2B006A9490 /* Resources */,
			);
			buildRules = (
			);
			dependencies = (
			);
			name = DatabaseSquiteDemo;
			productName = DatabaseSquiteDemo;
			productReference = 04D2BDEA222E4D2B006A9490 /* DatabaseSquiteDemo.app */;
			productType = "com.apple.product-type.application";
		};
/* End PBXNativeTarget section */

/* Begin PBXProject section */
		04D2BDE2222E4D29006A9490 /* Project object */ = {
			isa = PBXProject;
			attributes = {
				LastSwiftUpdateCheck = 0940;
				LastUpgradeCheck = 0940;
				ORGANIZATIONNAME = Mac;
				TargetAttributes = {
					04D2BDE9222E4D2B006A9490 = {
						CreatedOnToolsVersion = 9.4.1;
						LastSwiftMigration = 0940;
					};
				};
			};
			buildConfigurationList = 04D2BDE5222E4D2A006A9490 /* Build configuration list for PBXProject "DatabaseSquiteDemo" */;
			compatibilityVersion = "Xcode 9.3";
			developmentRegion = en;
			hasScannedForEncodings = 0;
			knownRegions = (
				en,
				Base,
			);
			mainGroup = 04D2BDE1222E4D29006A9490;
			productRefGroup = 04D2BDEB222E4D2C006A9490 /* Products */;
			projectDirPath = "";
			projectRoot = "";
			targets = (
				04D2BDE9222E4D2B006A9490 /* DatabaseSquiteDemo */,
			);
		};
/* End PBXProject section */

/* Begin PBXResourcesBuildPhase section */
		04D2BDE8222E4D2B006A9490 /* Resources */ = {
			isa = PBXResourcesBuildPhase;
			buildActionMask = 2147483647;
			files = (
				04D2BDF8222E4D4B006A9490 /* LaunchScreen.storyboard in Resources */,
				04D2BDF5222E4D4B006A9490 /* Assets.xcassets in Resources */,
				04D2BDF3222E4D2D006A9490 /* Main.storyboard in Resources */,
			);
			runOnlyForDeploymentPostprocessing = 0;
		};
/* End PBXResourcesBuildPhase section */

/* Begin PBXSourcesBuildPhase section */
		04D2BDE6222E4D2B006A9490 /* Sources */ = {
			isa = PBXSourcesBuildPhase;
			buildActionMask = 2147483647;
			files = (
				04D2BE09222E5AA1006A9490 /* Class.swift in Sources */,
				04D2BE0F222E7F4B006A9490 /* ContactsCollectionViewCell.swift in Sources */,
				04D2BDF0222E4D2D006A9490 /* ViewController.swift in Sources */,
				04D2BDEE222E4D2D006A9490 /* AppDelegate.swift in Sources */,
				04D2BE11222E8CC0006A9490 /* ContactTableViewController.swift in Sources */,
				04D2BE0D222E7DF3006A9490 /* ContactsCollectionViewController.swift in Sources */,
				04D2BE02222E4DC0006A9490 /* NSObject+demo1.m in Sources */,
				04D2BE0B222E5D80006A9490 /* Ass1TableViewController.swift in Sources */,
			);
			runOnlyForDeploymentPostprocessing = 0;
		};
/* End PBXSourcesBuildPhase section */

/* Begin PBXVariantGroup section */
		04D2BDF1222E4D2D006A9490 /* Main.storyboard */ = {
			isa = PBXVariantGroup;
			children = (
				04D2BDF2222E4D2D006A9490 /* Base */,
			);
			name = Main.storyboard;
			sourceTree = "<group>";
		};
		04D2BDF6222E4D4B006A9490 /* LaunchScreen.storyboard */ = {
			isa = PBXVariantGroup;
			children = (
				04D2BDF7222E4D4B006A9490 /* Base */,
			);
			name = LaunchScreen.storyboard;
			sourceTree = "<group>";
		};
/* End PBXVariantGroup section */

/* Begin XCBuildConfiguration section */
		04D2BDFA222E4D4B006A9490 /* Debug */ = {
			isa = XCBuildConfiguration;
			buildSettings = {
				ALWAYS_SEARCH_USER_PATHS = NO;
				CLANG_ANALYZER_NONNULL = YES;
				CLANG_ANALYZER_NUMBER_OBJECT_CONVERSION = YES_AGGRESSIVE;
				CLANG_CXX_LANGUAGE_STANDARD = "gnu++14";
				CLANG_CXX_LIBRARY = "libc++";
				CLANG_ENABLE_MODULES = YES;
				CLANG_ENABLE_OBJC_ARC = YES;
				CLANG_ENABLE_OBJC_WEAK = YES;
				CLANG_WARN_BLOCK_CAPTURE_AUTORELEASING = YES;
				CLANG_WARN_BOOL_CONVERSION = YES;
				CLANG_WARN_COMMA = YES;
				CLANG_WARN_CONSTANT_CONVERSION = YES;
				CLANG_WARN_DEPRECATED_OBJC_IMPLEMENTATIONS = YES;
				CLANG_WARN_DIRECT_OBJC_ISA_USAGE = YES_ERROR;
				CLANG_WARN_DOCUMENTATION_COMMENTS = YES;
				CLANG_WARN_EMPTY_BODY = YES;
				CLANG_WARN_ENUM_CONVERSION = YES;
				CLANG_WARN_INFINITE_RECURSION = YES;
				CLANG_WARN_INT_CONVERSION = YES;
				CLANG_WARN_NON_LITERAL_NULL_CONVERSION = YES;
				CLANG_WARN_OBJC_IMPLICIT_RETAIN_SELF = YES;
				CLANG_WARN_OBJC_LITERAL_CONVERSION = YES;
				CLANG_WARN_OBJC_ROOT_CLASS = YES_ERROR;
				CLANG_WARN_RANGE_LOOP_ANALYSIS = YES;
				CLANG_WARN_STRICT_PROTOTYPES = YES;
				CLANG_WARN_SUSPICIOUS_MOVE = YES;
				CLANG_WARN_UNGUARDED_AVAILABILITY = YES_AGGRESSIVE;
				CLANG_WARN_UNREACHABLE_CODE = YES;
				CLANG_WARN__DUPLICATE_METHOD_MATCH = YES;
				CODE_SIGN_IDENTITY = "iPhone Developer";
				COPY_PHASE_STRIP = NO;
				DEBUG_INFORMATION_FORMAT = dwarf;
				ENABLE_STRICT_OBJC_MSGSEND = YES;
				ENABLE_TESTABILITY = YES;
				GCC_C_LANGUAGE_STANDARD = gnu11;
				GCC_DYNAMIC_NO_PIC = NO;
				GCC_NO_COMMON_BLOCKS = YES;
				GCC_OPTIMIZATION_LEVEL = 0;
				GCC_PREPROCESSOR_DEFINITIONS = (
					"DEBUG=1",
					"$(inherited)",
				);
				GCC_WARN_64_TO_32_BIT_CONVERSION = YES;
				GCC_WARN_ABOUT_RETURN_TYPE = YES_ERROR;
				GCC_WARN_UNDECLARED_SELECTOR = YES;
				GCC_WARN_UNINITIALIZED_AUTOS = YES_AGGRESSIVE;
				GCC_WARN_UNUSED_FUNCTION = YES;
				GCC_WARN_UNUSED_VARIABLE = YES;
				IPHONEOS_DEPLOYMENT_TARGET = 11.4;
				MTL_ENABLE_DEBUG_INFO = YES;
				ONLY_ACTIVE_ARCH = YES;
				SDKROOT = iphoneos;
				SWIFT_ACTIVE_COMPILATION_CONDITIONS = DEBUG;
				SWIFT_OPTIMIZATION_LEVEL = "-Onone";
			};
			name = Debug;
		};
		04D2BDFB222E4D4B006A9490 /* Release */ = {
			isa = XCBuildConfiguration;
			buildSettings = {
				ALWAYS_SEARCH_USER_PATHS = NO;
				CLANG_ANALYZER_NONNULL = YES;
				CLANG_ANALYZER_NUMBER_OBJECT_CONVERSION = YES_AGGRESSIVE;
				CLANG_CXX_LANGUAGE_STANDARD = "gnu++14";
				CLANG_CXX_LIBRARY = "libc++";
				CLANG_ENABLE_MODULES = YES;
				CLANG_ENABLE_OBJC_ARC = YES;
				CLANG_ENABLE_OBJC_WEAK = YES;
				CLANG_WARN_BLOCK_CAPTURE_AUTORELEASING = YES;
				CLANG_WARN_BOOL_CONVERSION = YES;
				CLANG_WARN_COMMA = YES;
				CLANG_WARN_CONSTANT_CONVERSION = YES;
				CLANG_WARN_DEPRECATED_OBJC_IMPLEMENTATIONS = YES;
				CLANG_WARN_DIRECT_OBJC_ISA_USAGE = YES_ERROR;
				CLANG_WARN_DOCUMENTATION_COMMENTS = YES;
				CLANG_WARN_EMPTY_BODY = YES;
				CLANG_WARN_ENUM_CONVERSION = YES;
				CLANG_WARN_INFINITE_RECURSION = YES;
				CLANG_WARN_INT_CONVERSION = YES;
				CLANG_WARN_NON_LITERAL_NULL_CONVERSION = YES;
				CLANG_WARN_OBJC_IMPLICIT_RETAIN_SELF = YES;
				CLANG_WARN_OBJC_LITERAL_CONVERSION = YES;
				CLANG_WARN_OBJC_ROOT_CLASS = YES_ERROR;
				CLANG_WARN_RANGE_LOOP_ANALYSIS = YES;
				CLANG_WARN_STRICT_PROTOTYPES = YES;
				CLANG_WARN_SUSPICIOUS_MOVE = YES;
				CLANG_WARN_UNGUARDED_AVAILABILITY = YES_AGGRESSIVE;
				CLANG_WARN_UNREACHABLE_CODE = YES;
				CLANG_WARN__DUPLICATE_METHOD_MATCH = YES;
				CODE_SIGN_IDENTITY = "iPhone Developer";
				COPY_PHASE_STRIP = NO;
				DEBUG_INFORMATION_FORMAT = "dwarf-with-dsym";
				ENABLE_NS_ASSERTIONS = NO;
				ENABLE_STRICT_OBJC_MSGSEND = YES;
				GCC_C_LANGUAGE_STANDARD = gnu11;
				GCC_NO_COMMON_BLOCKS = YES;
				GCC_WARN_64_TO_32_BIT_CONVERSION = YES;
				GCC_WARN_ABOUT_RETURN_TYPE = YES_ERROR;
				GCC_WARN_UNDECLARED_SELECTOR = YES;
				GCC_WARN_UNINITIALIZED_AUTOS = YES_AGGRESSIVE;
				GCC_WARN_UNUSED_FUNCTION = YES;
				GCC_WARN_UNUSED_VARIABLE = YES;
				IPHONEOS_DEPLOYMENT_TARGET = 11.4;
				MTL_ENABLE_DEBUG_INFO = NO;
				SDKROOT = iphoneos;
				SWIFT_COMPILATION_MODE = wholemodule;
				SWIFT_OPTIMIZATION_LEVEL = "-O";
				VALIDATE_PRODUCT = YES;
			};
			name = Release;
		};
		04D2BDFD222E4D4B006A9490 /* Debug */ = {
			isa = XCBuildConfiguration;
			buildSettings = {
				ASSETCATALOG_COMPILER_APPICON_NAME = AppIcon;
				CLANG_ENABLE_MODULES = YES;
				CODE_SIGN_STYLE = Automatic;
				INFOPLIST_FILE = DatabaseSquiteDemo/Info.plist;
				LD_RUNPATH_SEARCH_PATHS = (
					"$(inherited)",
					"@executable_path/Frameworks",
				);
				PRODUCT_BUNDLE_IDENTIFIER = "my-folder.DatabaseSquiteDemo";
				PRODUCT_NAME = "$(TARGET_NAME)";
				SWIFT_OBJC_BRIDGING_HEADER = "DatabaseSquiteDemo-Bridging-Header.h";
				SWIFT_OPTIMIZATION_LEVEL = "-Onone";
				SWIFT_VERSION = 4.0;
				TARGETED_DEVICE_FAMILY = "1,2";
			};
			name = Debug;
		};
		04D2BDFE222E4D4B006A9490 /* Release */ = {
			isa = XCBuildConfiguration;
			buildSettings = {
				ASSETCATALOG_COMPILER_APPICON_NAME = AppIcon;
				CLANG_ENABLE_MODULES = YES;
				CODE_SIGN_STYLE = Automatic;
				INFOPLIST_FILE = DatabaseSquiteDemo/Info.plist;
				LD_RUNPATH_SEARCH_PATHS = (
					"$(inherited)",
					"@executable_path/Frameworks",
				);
				PRODUCT_BUNDLE_IDENTIFIER = "my-folder.DatabaseSquiteDemo";
				PRODUCT_NAME = "$(TARGET_NAME)";
				SWIFT_OBJC_BRIDGING_HEADER = "DatabaseSquiteDemo-Bridging-Header.h";
				SWIFT_VERSION = 4.0;
				TARGETED_DEVICE_FAMILY = "1,2";
			};
			name = Release;
		};
/* End XCBuildConfiguration section */

/* Begin XCConfigurationList section */
		04D2BDE5222E4D2A006A9490 /* Build configuration list for PBXProject "DatabaseSquiteDemo" */ = {
			isa = XCConfigurationList;
			buildConfigurations = (
				04D2BDFA222E4D4B006A9490 /* Debug */,
				04D2BDFB222E4D4B006A9490 /* Release */,
			);
			defaultConfigurationIsVisible = 0;
			defaultConfigurationName = Release;
		};
		04D2BDFC222E4D4B006A9490 /* Build configuration list for PBXNativeTarget "DatabaseSquiteDemo" */ = {
			isa = XCConfigurationList;
			buildConfigurations = (
				04D2BDFD222E4D4B006A9490 /* Debug */,
				04D2BDFE222E4D4B006A9490 /* Release */,
			);
			defaultConfigurationIsVisible = 0;
			defaultConfigurationName = Release;
		};
/* End XCConfigurationList section */
	};
	rootObject = 04D2BDE2222E4D29006A9490 /* Project object */;
}
